
Microsoft Visual Studio Solution File, Format Version 12.00
# Visual Studio Version 17
VisualStudioVersion = 17.3.32901.215
MinimumVisualStudioVersion = 10.0.40219.1
Project("{FAE04EC0-301F-11D3-BF4B-00C04F79EFBC}") = "oop_1", "oop_1\oop_1.csproj", "{187E08B4-07EE-4F1E-B937-458048E3FC56}"
EndProject
Global
	GlobalSection(SolutionConfigurationPlatforms) = preSolution
		Debug|Any CPU = Debug|Any CPU
		Release|Any CPU = Release|Any CPU
	EndGlobalSection
	GlobalSection(ProjectConfigurationPlatforms) = postSolution
		{187E08B4-07EE-4F1E-B937-458048E3FC56}.Debug|Any CPU.ActiveCfg = Debug|Any CPU
		{187E08B4-07EE-4F1E-B937-458048E3FC56}.Debug|Any CPU.Build.0 = Debug|Any CPU
		{187E08B4-07EE-4F1E-B937-458048E3FC56}.Release|Any CPU.ActiveCfg = Release|Any CPU
		{187E08B4-07EE-4F1E-B937-458048E3FC56}.Release|Any CPU.Build.0 = Release|Any CPU
	EndGlobalSection
	GlobalSection(SolutionProperties) = preSolution
		HideSolutionNode = FALSE
	EndGlobalSection
	GlobalSection(ExtensibilityGlobals) = postSolution
		SolutionGuid = {4C035005-EDB6-404E-9E0E-999D4ED07683}
	EndGlobalSection
EndGlobal
